
Microsoft Visual Studio Solution File, Format Version 12.00
# Visual Studio 15
VisualStudioVersion = 15.0.28307.960
MinimumVisualStudioVersion = 10.0.40219.1
Project("{FAE04EC0-301F-11D3-BF4B-00C04F79EFBC}") = "WebAPI", "WebAPI\WebAPI.csproj", "{5A2F1E3C-F52C-4913-9585-CE24C949AE57}"
EndProject
Project("{FAE04EC0-301F-11D3-BF4B-00C04F79EFBC}") = "Data", "Data\Data.csproj", "{1DCF7F9A-C4A3-4950-B8EF-4F955CE388E8}"
EndProject
Project("{E24C65DC-7377-472B-9ABA-BC803B73C61A}") = "Client", "Client\", "{4D1C6717-6AF8-4161-A76A-07E65BF5D126}"
	ProjectSection(WebsiteProperties) = preProject
		TargetFrameworkMoniker = ".NETFramework,Version%3Dv4.6.1"
		Debug.AspNetCompiler.VirtualPath = "/localhost_56323"
		Debug.AspNetCompiler.PhysicalPath = "Client\"
		Debug.AspNetCompiler.TargetPath = "PrecompiledWeb\localhost_56323\"
		Debug.AspNetCompiler.Updateable = "true"
		Debug.AspNetCompiler.ForceOverwrite = "true"
		Debug.AspNetCompiler.FixedNames = "false"
		Debug.AspNetCompiler.Debug = "True"
		Release.AspNetCompiler.VirtualPath = "/localhost_56323"
		Release.AspNetCompiler.PhysicalPath = "Client\"
		Release.AspNetCompiler.TargetPath = "PrecompiledWeb\localhost_56323\"
		Release.AspNetCompiler.Updateable = "true"
		Release.AspNetCompiler.ForceOverwrite = "true"
		Release.AspNetCompiler.FixedNames = "false"
		Release.AspNetCompiler.Debug = "False"
		VWDPort = "56323"
		SlnRelativePath = "Client\"
		DefaultWebSiteLanguage = "Visual C#"
	EndProjectSection
EndProject
Global
	GlobalSection(SolutionConfigurationPlatforms) = preSolution
		Debug|Any CPU = Debug|Any CPU
		Release|Any CPU = Release|Any CPU
	EndGlobalSection
	GlobalSection(ProjectConfigurationPlatforms) = postSolution
		{5A2F1E3C-F52C-4913-9585-CE24C949AE57}.Debug|Any CPU.ActiveCfg = Debug|Any CPU
		{5A2F1E3C-F52C-4913-9585-CE24C949AE57}.Debug|Any CPU.Build.0 = Debug|Any CPU
		{5A2F1E3C-F52C-4913-9585-CE24C949AE57}.Release|Any CPU.ActiveCfg = Release|Any CPU
		{5A2F1E3C-F52C-4913-9585-CE24C949AE57}.Release|Any CPU.Build.0 = Release|Any CPU
		{1DCF7F9A-C4A3-4950-B8EF-4F955CE388E8}.Debug|Any CPU.ActiveCfg = Debug|Any CPU
		{1DCF7F9A-C4A3-4950-B8EF-4F955CE388E8}.Debug|Any CPU.Build.0 = Debug|Any CPU
		{1DCF7F9A-C4A3-4950-B8EF-4F955CE388E8}.Release|Any CPU.ActiveCfg = Release|Any CPU
		{1DCF7F9A-C4A3-4950-B8EF-4F955CE388E8}.Release|Any CPU.Build.0 = Release|Any CPU
		{4D1C6717-6AF8-4161-A76A-07E65BF5D126}.Debug|Any CPU.ActiveCfg = Debug|Any CPU
		{4D1C6717-6AF8-4161-A76A-07E65BF5D126}.Debug|Any CPU.Build.0 = Debug|Any CPU
		{4D1C6717-6AF8-4161-A76A-07E65BF5D126}.Release|Any CPU.ActiveCfg = Debug|Any CPU
		{4D1C6717-6AF8-4161-A76A-07E65BF5D126}.Release|Any CPU.Build.0 = Debug|Any CPU
	EndGlobalSection
	GlobalSection(SolutionProperties) = preSolution
		HideSolutionNode = FALSE
	EndGlobalSection
	GlobalSection(ExtensibilityGlobals) = postSolution
		SolutionGuid = {708C2D32-914B-466D-BCAF-F39C4C1C69C1}
	EndGlobalSection
EndGlobal
